{
  "lib/forge-std": {
    "rev": "60acb7aaadcce2d68e52986a0a66fe79f07d138f"
  },
  "lib/aave-v3-origin": {
    "branch": {
      "name": "v3.5.0",
      "rev": "25115b2d1d6f166b3f492a4cc329f475ae266e62"
    }
  },
  "lib/aave-helpers": {
    "branch": {
      "name": "feat/changes-for-3_5-version",
      "rev": "819770e182c165252f1d4e987f2311c9f2412e9e"
    }
  }
}